
Microsoft Visual Studio Solution File, Format Version 12.00
# Visual Studio Version 17
VisualStudioVersion = 17.6.33723.286
MinimumVisualStudioVersion = 10.0.40219.1
Project("{FAE04EC0-301F-11D3-BF4B-00C04F79EFBC}") = "CG_N4", "CG_N4\CG_N4.csproj", "{7503D280-EC16-4A9F-9586-258F76F96022}"
EndProject
Global
	GlobalSection(SolutionConfigurationPlatforms) = preSolution
		Debug|Any CPU = Debug|Any CPU
		Release|Any CPU = Release|Any CPU
	EndGlobalSection
	GlobalSection(ProjectConfigurationPlatforms) = postSolution
		{7503D280-EC16-4A9F-9586-258F76F96022}.Debug|Any CPU.ActiveCfg = Debug|Any CPU
		{7503D280-EC16-4A9F-9586-258F76F96022}.Debug|Any CPU.Build.0 = Debug|Any CPU
		{7503D280-EC16-4A9F-9586-258F76F96022}.Release|Any CPU.ActiveCfg = Release|Any CPU
		{7503D280-EC16-4A9F-9586-258F76F96022}.Release|Any CPU.Build.0 = Release|Any CPU
	EndGlobalSection
	GlobalSection(SolutionProperties) = preSolution
		HideSolutionNode = FALSE
	EndGlobalSection
	GlobalSection(ExtensibilityGlobals) = postSolution
		SolutionGuid = {FFA72470-9553-4CAA-BD3B-D3CFBFD7E941}
	EndGlobalSection
EndGlobal
